
Microsoft Visual Studio Solution File, Format Version 12.00
# Visual Studio Version 16
VisualStudioVersion = 16.0.31515.178
MinimumVisualStudioVersion = 10.0.40219.1
Project("{9A19103F-16F7-4668-BE54-9A1E7A4F7556}") = "A2S", "A2S.csproj", "{07A3B787-2724-4CA3-AE19-12E0AE129C58}"
EndProject
Project("{FAE04EC0-301F-11D3-BF4B-00C04F79EFBC}") = "A2S.Tests", "..\A2STests\A2S.Tests.csproj", "{44D410D8-1B8F-4CAD-873C-B200F0ABCA08}"
EndProject
Global
	GlobalSection(SolutionConfigurationPlatforms) = preSolution
		Debug|Any CPU = Debug|Any CPU
		Release|Any CPU = Release|Any CPU
	EndGlobalSection
	GlobalSection(ProjectConfigurationPlatforms) = postSolution
		{07A3B787-2724-4CA3-AE19-12E0AE129C58}.Debug|Any CPU.ActiveCfg = Debug|Any CPU
		{07A3B787-2724-4CA3-AE19-12E0AE129C58}.Debug|Any CPU.Build.0 = Debug|Any CPU
		{07A3B787-2724-4CA3-AE19-12E0AE129C58}.Release|Any CPU.ActiveCfg = Release|Any CPU
		{07A3B787-2724-4CA3-AE19-12E0AE129C58}.Release|Any CPU.Build.0 = Release|Any CPU
		{44D410D8-1B8F-4CAD-873C-B200F0ABCA08}.Debug|Any CPU.ActiveCfg = Debug|Any CPU
		{44D410D8-1B8F-4CAD-873C-B200F0ABCA08}.Debug|Any CPU.Build.0 = Debug|Any CPU
		{44D410D8-1B8F-4CAD-873C-B200F0ABCA08}.Release|Any CPU.ActiveCfg = Release|Any CPU
		{44D410D8-1B8F-4CAD-873C-B200F0ABCA08}.Release|Any CPU.Build.0 = Release|Any CPU
	EndGlobalSection
	GlobalSection(SolutionProperties) = preSolution
		HideSolutionNode = FALSE
	EndGlobalSection
	GlobalSection(ExtensibilityGlobals) = postSolution
		SolutionGuid = {0997CECE-15B5-4F56-9826-3F67F3484EDE}
	EndGlobalSection
EndGlobal
